{
  "name": "causet",
  "version": "0.18.0",
  "lockfileVersion": 3,
  "requires": true,
  "packages": {
    "": {
      "name": "causet",
      "version": "0.18.0",
      "license": "MIT",
      "bin": {
        "cst": "bin/vlab.js",
        "vlab": "bin/vlab.js"
      },
      "engines": {
        "node": ">=20"
      }
    }
  }
}
